<Solution>
  <Folder Name="/Core/">
    <Project Path="Core/CarBookProject.Application/CarBookProject.Application.csproj" Id="0152b6ba-f901-4689-a810-8058c28111c3" />
    <Project Path="Core/CarBookProject.Domain/CarBookProject.Domain.csproj" />
  </Folder>
  <Folder Name="/Frontends/">
    <Project Path="Frontends/CarBookProject.Dto/CarBookProject.Dto.csproj" Id="78dd0c8b-bf0b-4b40-b7eb-fff8b67ba83a" />
    <Project Path="Frontends/CarBookProject.WebUI/CarBookProject.WebUI.csproj" Id="98ac03b7-62a3-4757-aa4d-a0a6339cc09a" />
  </Folder>
  <Folder Name="/Infrastructure/">
    <Project Path="Infrastructure/CarBookProject.Persistence/CarBookProject.Persistence.csproj" />
  </Folder>
  <Folder Name="/Presentation/">
    <Project Path="Presentation/CarBookProject.WebApi/CarBookProject.WebApi.csproj" Id="a26a565c-9115-4310-adc1-d474f130c113" />
  </Folder>
</Solution>
